
Microsoft Visual Studio Solution File, Format Version 12.00
# Visual Studio 15
VisualStudioVersion = 15.0.26730.10
MinimumVisualStudioVersion = 10.0.40219.1
Project("{FAE04EC0-301F-11D3-BF4B-00C04F79EFBC}") = "Bot Application", "Bot Application\Bot Application.csproj", "{48DC8B0E-3DCD-4191-843D-6FBAC226471A}"
EndProject
Project("{E53339B2-1760-4266-BCC7-CA923CBCF16C}") = "docker-compose", "docker-compose.dcproj", "{E8D5D55E-F6CB-4EEC-A4AC-7DB3F425D732}"
EndProject
Global
	GlobalSection(SolutionConfigurationPlatforms) = preSolution
		Debug|Any CPU = Debug|Any CPU
		Debug|ARM = Debug|ARM
		Debug|x64 = Debug|x64
		Debug|x86 = Debug|x86
		Release|Any CPU = Release|Any CPU
		Release|ARM = Release|ARM
		Release|x64 = Release|x64
		Release|x86 = Release|x86
	EndGlobalSection
	GlobalSection(ProjectConfigurationPlatforms) = postSolution
		{48DC8B0E-3DCD-4191-843D-6FBAC226471A}.Debug|Any CPU.ActiveCfg = Debug|Any CPU
		{48DC8B0E-3DCD-4191-843D-6FBAC226471A}.Debug|Any CPU.Build.0 = Debug|Any CPU
		{48DC8B0E-3DCD-4191-843D-6FBAC226471A}.Debug|ARM.ActiveCfg = Debug|Any CPU
		{48DC8B0E-3DCD-4191-843D-6FBAC226471A}.Debug|ARM.Build.0 = Debug|Any CPU
		{48DC8B0E-3DCD-4191-843D-6FBAC226471A}.Debug|x64.ActiveCfg = Debug|Any CPU
		{48DC8B0E-3DCD-4191-843D-6FBAC226471A}.Debug|x64.Build.0 = Debug|Any CPU
		{48DC8B0E-3DCD-4191-843D-6FBAC226471A}.Debug|x86.ActiveCfg = Debug|Any CPU
		{48DC8B0E-3DCD-4191-843D-6FBAC226471A}.Debug|x86.Build.0 = Debug|Any CPU
		{48DC8B0E-3DCD-4191-843D-6FBAC226471A}.Release|Any CPU.ActiveCfg = Release|Any CPU
		{48DC8B0E-3DCD-4191-843D-6FBAC226471A}.Release|Any CPU.Build.0 = Release|Any CPU
		{48DC8B0E-3DCD-4191-843D-6FBAC226471A}.Release|ARM.ActiveCfg = Release|Any CPU
		{48DC8B0E-3DCD-4191-843D-6FBAC226471A}.Release|ARM.Build.0 = Release|Any CPU
		{48DC8B0E-3DCD-4191-843D-6FBAC226471A}.Release|x64.ActiveCfg = Release|Any CPU
		{48DC8B0E-3DCD-4191-843D-6FBAC226471A}.Release|x64.Build.0 = Release|Any CPU
		{48DC8B0E-3DCD-4191-843D-6FBAC226471A}.Release|x86.ActiveCfg = Release|Any CPU
		{48DC8B0E-3DCD-4191-843D-6FBAC226471A}.Release|x86.Build.0 = Release|Any CPU
		{E8D5D55E-F6CB-4EEC-A4AC-7DB3F425D732}.Debug|Any CPU.ActiveCfg = Debug|Any CPU
		{E8D5D55E-F6CB-4EEC-A4AC-7DB3F425D732}.Debug|Any CPU.Build.0 = Debug|Any CPU
		{E8D5D55E-F6CB-4EEC-A4AC-7DB3F425D732}.Debug|ARM.ActiveCfg = Debug|Any CPU
		{E8D5D55E-F6CB-4EEC-A4AC-7DB3F425D732}.Debug|ARM.Build.0 = Debug|Any CPU
		{E8D5D55E-F6CB-4EEC-A4AC-7DB3F425D732}.Debug|x64.ActiveCfg = Debug|Any CPU
		{E8D5D55E-F6CB-4EEC-A4AC-7DB3F425D732}.Debug|x64.Build.0 = Debug|Any CPU
		{E8D5D55E-F6CB-4EEC-A4AC-7DB3F425D732}.Debug|x86.ActiveCfg = Debug|Any CPU
		{E8D5D55E-F6CB-4EEC-A4AC-7DB3F425D732}.Debug|x86.Build.0 = Debug|Any CPU
		{E8D5D55E-F6CB-4EEC-A4AC-7DB3F425D732}.Release|Any CPU.ActiveCfg = Release|Any CPU
		{E8D5D55E-F6CB-4EEC-A4AC-7DB3F425D732}.Release|Any CPU.Build.0 = Release|Any CPU
		{E8D5D55E-F6CB-4EEC-A4AC-7DB3F425D732}.Release|ARM.ActiveCfg = Release|Any CPU
		{E8D5D55E-F6CB-4EEC-A4AC-7DB3F425D732}.Release|ARM.Build.0 = Release|Any CPU
		{E8D5D55E-F6CB-4EEC-A4AC-7DB3F425D732}.Release|x64.ActiveCfg = Release|Any CPU
		{E8D5D55E-F6CB-4EEC-A4AC-7DB3F425D732}.Release|x64.Build.0 = Release|Any CPU
		{E8D5D55E-F6CB-4EEC-A4AC-7DB3F425D732}.Release|x86.ActiveCfg = Release|Any CPU
		{E8D5D55E-F6CB-4EEC-A4AC-7DB3F425D732}.Release|x86.Build.0 = Release|Any CPU
	EndGlobalSection
	GlobalSection(SolutionProperties) = preSolution
		HideSolutionNode = FALSE
	EndGlobalSection
	GlobalSection(ExtensibilityGlobals) = postSolution
		SolutionGuid = {7F93FCF1-1F82-4DE4-812D-398AE303A127}
	EndGlobalSection
EndGlobal
